
Microsoft Visual Studio Solution File, Format Version 11.00
# Visual Studio 2010
Project("{8BC9CEB8-8B4A-11D0-8D11-00A0C91BC942}") = "Eco.CalculatorC", "Eco.CalculatorC.vcxproj", "{2CCC6291-146D-478C-85DE-89E56C39ECA9}"
EndProject
Global
	GlobalSection(SolutionConfigurationPlatforms) = preSolution
		Debug|Win32 = Debug|Win32
		Release|Win32 = Release|Win32
	EndGlobalSection
	GlobalSection(ProjectConfigurationPlatforms) = postSolution
		{2CCC6291-146D-478C-85DE-89E56C39ECA9}.Debug|Win32.ActiveCfg = Debug|Win32
		{2CCC6291-146D-478C-85DE-89E56C39ECA9}.Debug|Win32.Build.0 = Debug|Win32
		{2CCC6291-146D-478C-85DE-89E56C39ECA9}.Release|Win32.ActiveCfg = Release|Win32
		{2CCC6291-146D-478C-85DE-89E56C39ECA9}.Release|Win32.Build.0 = Release|Win32
	EndGlobalSection
	GlobalSection(SolutionProperties) = preSolution
		HideSolutionNode = FALSE
	EndGlobalSection
EndGlobal
